
Microsoft Visual Studio Solution File, Format Version 12.00
# Visual Studio Version 16
VisualStudioVersion = 16.0.29806.167
MinimumVisualStudioVersion = 10.0.40219.1
Project("{FAE04EC0-301F-11D3-BF4B-00C04F79EFBC}") = "Demonstration", "Demonstration\Demonstration.csproj", "{8472FA6A-D0AC-4E65-BAD9-2AB2FCB75570}"
EndProject
Project("{FAE04EC0-301F-11D3-BF4B-00C04F79EFBC}") = "SimpleFactoryPattern", "SimpleFactoryPattern\SimpleFactoryPattern.csproj", "{E572A0BE-E1F5-4515-85A9-A84405B42F45}"
EndProject
Project("{FAE04EC0-301F-11D3-BF4B-00C04F79EFBC}") = "FactoryPattern", "FactoryPattern\FactoryPattern.csproj", "{55C4E018-A28B-4F6E-8D03-E230487F6377}"
EndProject
Project("{FAE04EC0-301F-11D3-BF4B-00C04F79EFBC}") = "AbstractFactoryPattern", "AbstractFactoryPattern\AbstractFactoryPattern.csproj", "{9750171F-DE86-428A-9301-69E7F3B4EEFC}"
EndProject
Project("{FAE04EC0-301F-11D3-BF4B-00C04F79EFBC}") = "BuilderPattern", "BuilderPattern\BuilderPattern.csproj", "{637BB533-C715-4790-9FD3-7CC75974972C}"
EndProject
Project("{FAE04EC0-301F-11D3-BF4B-00C04F79EFBC}") = "PrototypePattern", "PrototypePattern\PrototypePattern.csproj", "{5EBD49F7-5D3C-4B46-B445-132D6C15F6FD}"
EndProject
Project("{FAE04EC0-301F-11D3-BF4B-00C04F79EFBC}") = "SingletonPattern", "SingletonPattern\SingletonPattern.csproj", "{6F05D54A-BF8F-489C-85C2-4F357B52F1D8}"
EndProject
Project("{FAE04EC0-301F-11D3-BF4B-00C04F79EFBC}") = "AdapterPattern", "AdapterPattern\AdapterPattern.csproj", "{A4981445-28CF-44D9-8094-EB914161733E}"
EndProject
Project("{FAE04EC0-301F-11D3-BF4B-00C04F79EFBC}") = "BridgePattern", "BridgePattern\BridgePattern.csproj", "{5AA2925C-48E3-43BC-B0FE-2DDC6BB83691}"
EndProject
Project("{FAE04EC0-301F-11D3-BF4B-00C04F79EFBC}") = "DecoratorPattern", "DecoratorPattern\DecoratorPattern.csproj", "{CAED4554-C6FF-4580-B682-124DCF5B13FE}"
EndProject
Project("{FAE04EC0-301F-11D3-BF4B-00C04F79EFBC}") = "FacadePattern", "FacadePattern\FacadePattern.csproj", "{C1CEE784-787C-4B3D-BC7E-ADE1AB713E74}"
EndProject
Project("{FAE04EC0-301F-11D3-BF4B-00C04F79EFBC}") = "FlyweightPattern", "FlyweightPattern\FlyweightPattern.csproj", "{4EF432A7-A86E-472F-BFDC-C0F35484A0C5}"
EndProject
Project("{FAE04EC0-301F-11D3-BF4B-00C04F79EFBC}") = "ProxyPattern", "ProxyPattern\ProxyPattern.csproj", "{936B7C94-2577-414E-8C1A-E4A2516D0554}"
EndProject
Project("{FAE04EC0-301F-11D3-BF4B-00C04F79EFBC}") = "ChainOfResponsibilityPattern", "ChainOfResponsibilityPattern\ChainOfResponsibilityPattern.csproj", "{DAD9DD27-7640-4EF6-B9DA-21EA7E16F14E}"
EndProject
Global
	GlobalSection(SolutionConfigurationPlatforms) = preSolution
		Debug|Any CPU = Debug|Any CPU
		Release|Any CPU = Release|Any CPU
	EndGlobalSection
	GlobalSection(ProjectConfigurationPlatforms) = postSolution
		{8472FA6A-D0AC-4E65-BAD9-2AB2FCB75570}.Debug|Any CPU.ActiveCfg = Debug|Any CPU
		{8472FA6A-D0AC-4E65-BAD9-2AB2FCB75570}.Debug|Any CPU.Build.0 = Debug|Any CPU
		{8472FA6A-D0AC-4E65-BAD9-2AB2FCB75570}.Release|Any CPU.ActiveCfg = Release|Any CPU
		{8472FA6A-D0AC-4E65-BAD9-2AB2FCB75570}.Release|Any CPU.Build.0 = Release|Any CPU
		{E572A0BE-E1F5-4515-85A9-A84405B42F45}.Debug|Any CPU.ActiveCfg = Debug|Any CPU
		{E572A0BE-E1F5-4515-85A9-A84405B42F45}.Debug|Any CPU.Build.0 = Debug|Any CPU
		{E572A0BE-E1F5-4515-85A9-A84405B42F45}.Release|Any CPU.ActiveCfg = Release|Any CPU
		{E572A0BE-E1F5-4515-85A9-A84405B42F45}.Release|Any CPU.Build.0 = Release|Any CPU
		{55C4E018-A28B-4F6E-8D03-E230487F6377}.Debug|Any CPU.ActiveCfg = Debug|Any CPU
		{55C4E018-A28B-4F6E-8D03-E230487F6377}.Debug|Any CPU.Build.0 = Debug|Any CPU
		{55C4E018-A28B-4F6E-8D03-E230487F6377}.Release|Any CPU.ActiveCfg = Release|Any CPU
		{55C4E018-A28B-4F6E-8D03-E230487F6377}.Release|Any CPU.Build.0 = Release|Any CPU
		{9750171F-DE86-428A-9301-69E7F3B4EEFC}.Debug|Any CPU.ActiveCfg = Debug|Any CPU
		{9750171F-DE86-428A-9301-69E7F3B4EEFC}.Debug|Any CPU.Build.0 = Debug|Any CPU
		{9750171F-DE86-428A-9301-69E7F3B4EEFC}.Release|Any CPU.ActiveCfg = Release|Any CPU
		{9750171F-DE86-428A-9301-69E7F3B4EEFC}.Release|Any CPU.Build.0 = Release|Any CPU
		{637BB533-C715-4790-9FD3-7CC75974972C}.Debug|Any CPU.ActiveCfg = Debug|Any CPU
		{637BB533-C715-4790-9FD3-7CC75974972C}.Debug|Any CPU.Build.0 = Debug|Any CPU
		{637BB533-C715-4790-9FD3-7CC75974972C}.Release|Any CPU.ActiveCfg = Release|Any CPU
		{637BB533-C715-4790-9FD3-7CC75974972C}.Release|Any CPU.Build.0 = Release|Any CPU
		{5EBD49F7-5D3C-4B46-B445-132D6C15F6FD}.Debug|Any CPU.ActiveCfg = Debug|Any CPU
		{5EBD49F7-5D3C-4B46-B445-132D6C15F6FD}.Debug|Any CPU.Build.0 = Debug|Any CPU
		{5EBD49F7-5D3C-4B46-B445-132D6C15F6FD}.Release|Any CPU.ActiveCfg = Release|Any CPU
		{5EBD49F7-5D3C-4B46-B445-132D6C15F6FD}.Release|Any CPU.Build.0 = Release|Any CPU
		{6F05D54A-BF8F-489C-85C2-4F357B52F1D8}.Debug|Any CPU.ActiveCfg = Debug|Any CPU
		{6F05D54A-BF8F-489C-85C2-4F357B52F1D8}.Debug|Any CPU.Build.0 = Debug|Any CPU
		{6F05D54A-BF8F-489C-85C2-4F357B52F1D8}.Release|Any CPU.ActiveCfg = Release|Any CPU
		{6F05D54A-BF8F-489C-85C2-4F357B52F1D8}.Release|Any CPU.Build.0 = Release|Any CPU
		{A4981445-28CF-44D9-8094-EB914161733E}.Debug|Any CPU.ActiveCfg = Debug|Any CPU
		{A4981445-28CF-44D9-8094-EB914161733E}.Debug|Any CPU.Build.0 = Debug|Any CPU
		{A4981445-28CF-44D9-8094-EB914161733E}.Release|Any CPU.ActiveCfg = Release|Any CPU
		{A4981445-28CF-44D9-8094-EB914161733E}.Release|Any CPU.Build.0 = Release|Any CPU
		{5AA2925C-48E3-43BC-B0FE-2DDC6BB83691}.Debug|Any CPU.ActiveCfg = Debug|Any CPU
		{5AA2925C-48E3-43BC-B0FE-2DDC6BB83691}.Debug|Any CPU.Build.0 = Debug|Any CPU
		{5AA2925C-48E3-43BC-B0FE-2DDC6BB83691}.Release|Any CPU.ActiveCfg = Release|Any CPU
		{5AA2925C-48E3-43BC-B0FE-2DDC6BB83691}.Release|Any CPU.Build.0 = Release|Any CPU
		{CAED4554-C6FF-4580-B682-124DCF5B13FE}.Debug|Any CPU.ActiveCfg = Debug|Any CPU
		{CAED4554-C6FF-4580-B682-124DCF5B13FE}.Debug|Any CPU.Build.0 = Debug|Any CPU
		{CAED4554-C6FF-4580-B682-124DCF5B13FE}.Release|Any CPU.ActiveCfg = Release|Any CPU
		{CAED4554-C6FF-4580-B682-124DCF5B13FE}.Release|Any CPU.Build.0 = Release|Any CPU
		{C1CEE784-787C-4B3D-BC7E-ADE1AB713E74}.Debug|Any CPU.ActiveCfg = Debug|Any CPU
		{C1CEE784-787C-4B3D-BC7E-ADE1AB713E74}.Debug|Any CPU.Build.0 = Debug|Any CPU
		{C1CEE784-787C-4B3D-BC7E-ADE1AB713E74}.Release|Any CPU.ActiveCfg = Release|Any CPU
		{C1CEE784-787C-4B3D-BC7E-ADE1AB713E74}.Release|Any CPU.Build.0 = Release|Any CPU
		{4EF432A7-A86E-472F-BFDC-C0F35484A0C5}.Debug|Any CPU.ActiveCfg = Debug|Any CPU
		{4EF432A7-A86E-472F-BFDC-C0F35484A0C5}.Debug|Any CPU.Build.0 = Debug|Any CPU
		{4EF432A7-A86E-472F-BFDC-C0F35484A0C5}.Release|Any CPU.ActiveCfg = Release|Any CPU
		{4EF432A7-A86E-472F-BFDC-C0F35484A0C5}.Release|Any CPU.Build.0 = Release|Any CPU
		{936B7C94-2577-414E-8C1A-E4A2516D0554}.Debug|Any CPU.ActiveCfg = Debug|Any CPU
		{936B7C94-2577-414E-8C1A-E4A2516D0554}.Debug|Any CPU.Build.0 = Debug|Any CPU
		{936B7C94-2577-414E-8C1A-E4A2516D0554}.Release|Any CPU.ActiveCfg = Release|Any CPU
		{936B7C94-2577-414E-8C1A-E4A2516D0554}.Release|Any CPU.Build.0 = Release|Any CPU
		{DAD9DD27-7640-4EF6-B9DA-21EA7E16F14E}.Debug|Any CPU.ActiveCfg = Debug|Any CPU
		{DAD9DD27-7640-4EF6-B9DA-21EA7E16F14E}.Debug|Any CPU.Build.0 = Debug|Any CPU
		{DAD9DD27-7640-4EF6-B9DA-21EA7E16F14E}.Release|Any CPU.ActiveCfg = Release|Any CPU
		{DAD9DD27-7640-4EF6-B9DA-21EA7E16F14E}.Release|Any CPU.Build.0 = Release|Any CPU
	EndGlobalSection
	GlobalSection(SolutionProperties) = preSolution
		HideSolutionNode = FALSE
	EndGlobalSection
	GlobalSection(ExtensibilityGlobals) = postSolution
		SolutionGuid = {D6B61465-4D18-49A7-BA74-A2BAF1D1D320}
	EndGlobalSection
EndGlobal
